
Microsoft Visual Studio Solution File, Format Version 12.00
# Visual Studio Version 17
VisualStudioVersion = 17.9.34728.123
MinimumVisualStudioVersion = 10.0.40219.1
Project("{FAE04EC0-301F-11D3-BF4B-00C04F79EFBC}") = "GigHub", "GigHub\GigHub.csproj", "{38880E2E-9A2C-400F-BB1C-9604E0396E17}"
EndProject
Global
	GlobalSection(SolutionConfigurationPlatforms) = preSolution
		Debug|Any CPU = Debug|Any CPU
		Release|Any CPU = Release|Any CPU
	EndGlobalSection
	GlobalSection(ProjectConfigurationPlatforms) = postSolution
		{38880E2E-9A2C-400F-BB1C-9604E0396E17}.Debug|Any CPU.ActiveCfg = Debug|Any CPU
		{38880E2E-9A2C-400F-BB1C-9604E0396E17}.Debug|Any CPU.Build.0 = Debug|Any CPU
		{38880E2E-9A2C-400F-BB1C-9604E0396E17}.Release|Any CPU.ActiveCfg = Release|Any CPU
		{38880E2E-9A2C-400F-BB1C-9604E0396E17}.Release|Any CPU.Build.0 = Release|Any CPU
	EndGlobalSection
	GlobalSection(SolutionProperties) = preSolution
		HideSolutionNode = FALSE
	EndGlobalSection
	GlobalSection(ExtensibilityGlobals) = postSolution
		SolutionGuid = {D9C2321F-CE72-4EA6-BAD4-C2ED24782313}
	EndGlobalSection
EndGlobal
